
Microsoft Visual Studio Solution File, Format Version 12.00
# Visual Studio Version 17
VisualStudioVersion = 17.3.32819.101
MinimumVisualStudioVersion = 10.0.40219.1
Project("{FAE04EC0-301F-11D3-BF4B-00C04F79EFBC}") = "picpresencelib", "picpresencelib.csproj", "{AA29EF22-4198-4D8B-9494-E2BE1968931D}"
EndProject
Global
	GlobalSection(SolutionConfigurationPlatforms) = preSolution
		Debug|Any CPU = Debug|Any CPU
		Release|Any CPU = Release|Any CPU
	EndGlobalSection
	GlobalSection(ProjectConfigurationPlatforms) = postSolution
		{AA29EF22-4198-4D8B-9494-E2BE1968931D}.Debug|Any CPU.ActiveCfg = Debug|Any CPU
		{AA29EF22-4198-4D8B-9494-E2BE1968931D}.Debug|Any CPU.Build.0 = Debug|Any CPU
		{AA29EF22-4198-4D8B-9494-E2BE1968931D}.Release|Any CPU.ActiveCfg = Release|Any CPU
		{AA29EF22-4198-4D8B-9494-E2BE1968931D}.Release|Any CPU.Build.0 = Release|Any CPU
	EndGlobalSection
	GlobalSection(SolutionProperties) = preSolution
		HideSolutionNode = FALSE
	EndGlobalSection
	GlobalSection(ExtensibilityGlobals) = postSolution
		SolutionGuid = {DB85C158-3460-41FF-814B-CA6238824AE9}
	EndGlobalSection
EndGlobal
